
Microsoft Visual Studio Solution File, Format Version 12.00
# Visual Studio Version 16
VisualStudioVersion = 16.0.31402.337
MinimumVisualStudioVersion = 10.0.40219.1
Project("{FAE04EC0-301F-11D3-BF4B-00C04F79EFBC}") = "OperadoresLogicos", "OperadoresLogicos\OperadoresLogicos.csproj", "{2CE34428-B1A1-4C30-9CD9-B05F7CF8CAB0}"
EndProject
Global
	GlobalSection(SolutionConfigurationPlatforms) = preSolution
		Debug|Any CPU = Debug|Any CPU
		Release|Any CPU = Release|Any CPU
	EndGlobalSection
	GlobalSection(ProjectConfigurationPlatforms) = postSolution
		{2CE34428-B1A1-4C30-9CD9-B05F7CF8CAB0}.Debug|Any CPU.ActiveCfg = Debug|Any CPU
		{2CE34428-B1A1-4C30-9CD9-B05F7CF8CAB0}.Debug|Any CPU.Build.0 = Debug|Any CPU
		{2CE34428-B1A1-4C30-9CD9-B05F7CF8CAB0}.Release|Any CPU.ActiveCfg = Release|Any CPU
		{2CE34428-B1A1-4C30-9CD9-B05F7CF8CAB0}.Release|Any CPU.Build.0 = Release|Any CPU
	EndGlobalSection
	GlobalSection(SolutionProperties) = preSolution
		HideSolutionNode = FALSE
	EndGlobalSection
	GlobalSection(ExtensibilityGlobals) = postSolution
		SolutionGuid = {36DF2269-8870-48C4-A8C7-9AE62613D207}
	EndGlobalSection
EndGlobal
