
Microsoft Visual Studio Solution File, Format Version 12.00
# Visual Studio Version 16
VisualStudioVersion = 16.0.31402.337
MinimumVisualStudioVersion = 10.0.40219.1
Project("{FAE04EC0-301F-11D3-BF4B-00C04F79EFBC}") = "exercicio 4", "exercicio 4\exercicio 4.csproj", "{F05D2FF0-7AAD-4F1C-B7C9-0ABA0DD4F2CC}"
EndProject
Global
	GlobalSection(SolutionConfigurationPlatforms) = preSolution
		Debug|Any CPU = Debug|Any CPU
		Release|Any CPU = Release|Any CPU
	EndGlobalSection
	GlobalSection(ProjectConfigurationPlatforms) = postSolution
		{F05D2FF0-7AAD-4F1C-B7C9-0ABA0DD4F2CC}.Debug|Any CPU.ActiveCfg = Debug|Any CPU
		{F05D2FF0-7AAD-4F1C-B7C9-0ABA0DD4F2CC}.Debug|Any CPU.Build.0 = Debug|Any CPU
		{F05D2FF0-7AAD-4F1C-B7C9-0ABA0DD4F2CC}.Release|Any CPU.ActiveCfg = Release|Any CPU
		{F05D2FF0-7AAD-4F1C-B7C9-0ABA0DD4F2CC}.Release|Any CPU.Build.0 = Release|Any CPU
	EndGlobalSection
	GlobalSection(SolutionProperties) = preSolution
		HideSolutionNode = FALSE
	EndGlobalSection
	GlobalSection(ExtensibilityGlobals) = postSolution
		SolutionGuid = {B56187F5-7487-4F53-966D-E803BEE0FB02}
	EndGlobalSection
EndGlobal
