
Microsoft Visual Studio Solution File, Format Version 12.00
# Visual Studio Version 16
VisualStudioVersion = 16.0.31402.337
MinimumVisualStudioVersion = 10.0.40219.1
Project("{FAE04EC0-301F-11D3-BF4B-00C04F79EFBC}") = "Exemplo_1", "Exemplo_1\Exemplo_1.csproj", "{3B64F342-6F3F-4A8E-8381-D875955C63C1}"
EndProject
Global
	GlobalSection(SolutionConfigurationPlatforms) = preSolution
		Debug|Any CPU = Debug|Any CPU
		Release|Any CPU = Release|Any CPU
	EndGlobalSection
	GlobalSection(ProjectConfigurationPlatforms) = postSolution
		{3B64F342-6F3F-4A8E-8381-D875955C63C1}.Debug|Any CPU.ActiveCfg = Debug|Any CPU
		{3B64F342-6F3F-4A8E-8381-D875955C63C1}.Debug|Any CPU.Build.0 = Debug|Any CPU
		{3B64F342-6F3F-4A8E-8381-D875955C63C1}.Release|Any CPU.ActiveCfg = Release|Any CPU
		{3B64F342-6F3F-4A8E-8381-D875955C63C1}.Release|Any CPU.Build.0 = Release|Any CPU
	EndGlobalSection
	GlobalSection(SolutionProperties) = preSolution
		HideSolutionNode = FALSE
	EndGlobalSection
	GlobalSection(ExtensibilityGlobals) = postSolution
		SolutionGuid = {1DF7F5BA-1E96-4C17-9CBC-D02BF0F2CDDE}
	EndGlobalSection
EndGlobal
