
Microsoft Visual Studio Solution File, Format Version 12.00
# Visual Studio Version 16
VisualStudioVersion = 16.0.31402.337
MinimumVisualStudioVersion = 10.0.40219.1
Project("{FAE04EC0-301F-11D3-BF4B-00C04F79EFBC}") = "couse", "couse\couse.csproj", "{873FCE33-E2DF-4805-AD01-FE8CF4517CA7}"
EndProject
Global
	GlobalSection(SolutionConfigurationPlatforms) = preSolution
		Debug|Any CPU = Debug|Any CPU
		Release|Any CPU = Release|Any CPU
	EndGlobalSection
	GlobalSection(ProjectConfigurationPlatforms) = postSolution
		{873FCE33-E2DF-4805-AD01-FE8CF4517CA7}.Debug|Any CPU.ActiveCfg = Debug|Any CPU
		{873FCE33-E2DF-4805-AD01-FE8CF4517CA7}.Debug|Any CPU.Build.0 = Debug|Any CPU
		{873FCE33-E2DF-4805-AD01-FE8CF4517CA7}.Release|Any CPU.ActiveCfg = Release|Any CPU
		{873FCE33-E2DF-4805-AD01-FE8CF4517CA7}.Release|Any CPU.Build.0 = Release|Any CPU
	EndGlobalSection
	GlobalSection(SolutionProperties) = preSolution
		HideSolutionNode = FALSE
	EndGlobalSection
	GlobalSection(ExtensibilityGlobals) = postSolution
		SolutionGuid = {BDE40B70-8C03-4CBD-B189-FD66EF5D666D}
	EndGlobalSection
EndGlobal
