
Microsoft Visual Studio Solution File, Format Version 12.00
# Visual Studio Version 16
VisualStudioVersion = 16.0.31402.337
MinimumVisualStudioVersion = 10.0.40219.1
Project("{FAE04EC0-301F-11D3-BF4B-00C04F79EFBC}") = "Course", "Course\Course.csproj", "{090F4607-2D73-48C0-B0CD-D489C47A697E}"
EndProject
Global
	GlobalSection(SolutionConfigurationPlatforms) = preSolution
		Debug|Any CPU = Debug|Any CPU
		Release|Any CPU = Release|Any CPU
	EndGlobalSection
	GlobalSection(ProjectConfigurationPlatforms) = postSolution
		{090F4607-2D73-48C0-B0CD-D489C47A697E}.Debug|Any CPU.ActiveCfg = Debug|Any CPU
		{090F4607-2D73-48C0-B0CD-D489C47A697E}.Debug|Any CPU.Build.0 = Debug|Any CPU
		{090F4607-2D73-48C0-B0CD-D489C47A697E}.Release|Any CPU.ActiveCfg = Release|Any CPU
		{090F4607-2D73-48C0-B0CD-D489C47A697E}.Release|Any CPU.Build.0 = Release|Any CPU
	EndGlobalSection
	GlobalSection(SolutionProperties) = preSolution
		HideSolutionNode = FALSE
	EndGlobalSection
	GlobalSection(ExtensibilityGlobals) = postSolution
		SolutionGuid = {98328037-4EB1-4F8C-909E-2EC49808B82B}
	EndGlobalSection
EndGlobal
