
Microsoft Visual Studio Solution File, Format Version 12.00
# Visual Studio Version 16
VisualStudioVersion = 16.0.31402.337
MinimumVisualStudioVersion = 10.0.40219.1
Project("{FAE04EC0-301F-11D3-BF4B-00C04F79EFBC}") = "Course", "Course\Course.csproj", "{83F08FBB-6DCB-4F6A-9E43-A38EB5EDA1AE}"
EndProject
Global
	GlobalSection(SolutionConfigurationPlatforms) = preSolution
		Debug|Any CPU = Debug|Any CPU
		Release|Any CPU = Release|Any CPU
	EndGlobalSection
	GlobalSection(ProjectConfigurationPlatforms) = postSolution
		{83F08FBB-6DCB-4F6A-9E43-A38EB5EDA1AE}.Debug|Any CPU.ActiveCfg = Debug|Any CPU
		{83F08FBB-6DCB-4F6A-9E43-A38EB5EDA1AE}.Debug|Any CPU.Build.0 = Debug|Any CPU
		{83F08FBB-6DCB-4F6A-9E43-A38EB5EDA1AE}.Release|Any CPU.ActiveCfg = Release|Any CPU
		{83F08FBB-6DCB-4F6A-9E43-A38EB5EDA1AE}.Release|Any CPU.Build.0 = Release|Any CPU
	EndGlobalSection
	GlobalSection(SolutionProperties) = preSolution
		HideSolutionNode = FALSE
	EndGlobalSection
	GlobalSection(ExtensibilityGlobals) = postSolution
		SolutionGuid = {8C1466D1-CD20-4873-AD09-50FBEF1D2CBA}
	EndGlobalSection
EndGlobal
