
Microsoft Visual Studio Solution File, Format Version 12.00
# Visual Studio Version 16
VisualStudioVersion = 16.0.31402.337
MinimumVisualStudioVersion = 10.0.40219.1
Project("{FAE04EC0-301F-11D3-BF4B-00C04F79EFBC}") = "exercicio 1", "exercicio 1\exercicio 1.csproj", "{D777C1A4-8B2E-4639-8D2A-738AEB2F0634}"
EndProject
Global
	GlobalSection(SolutionConfigurationPlatforms) = preSolution
		Debug|Any CPU = Debug|Any CPU
		Release|Any CPU = Release|Any CPU
	EndGlobalSection
	GlobalSection(ProjectConfigurationPlatforms) = postSolution
		{D777C1A4-8B2E-4639-8D2A-738AEB2F0634}.Debug|Any CPU.ActiveCfg = Debug|Any CPU
		{D777C1A4-8B2E-4639-8D2A-738AEB2F0634}.Debug|Any CPU.Build.0 = Debug|Any CPU
		{D777C1A4-8B2E-4639-8D2A-738AEB2F0634}.Release|Any CPU.ActiveCfg = Release|Any CPU
		{D777C1A4-8B2E-4639-8D2A-738AEB2F0634}.Release|Any CPU.Build.0 = Release|Any CPU
	EndGlobalSection
	GlobalSection(SolutionProperties) = preSolution
		HideSolutionNode = FALSE
	EndGlobalSection
	GlobalSection(ExtensibilityGlobals) = postSolution
		SolutionGuid = {91FF20C4-9290-4EDE-A02A-3E95C62AB5CE}
	EndGlobalSection
EndGlobal
