
Microsoft Visual Studio Solution File, Format Version 12.00
# Visual Studio Version 16
VisualStudioVersion = 16.0.31402.337
MinimumVisualStudioVersion = 10.0.40219.1
Project("{FAE04EC0-301F-11D3-BF4B-00C04F79EFBC}") = "exercicio 5", "exercicio 5\exercicio 5.csproj", "{C8C5B41D-9A0F-450F-83B4-E166B05DDA55}"
EndProject
Global
	GlobalSection(SolutionConfigurationPlatforms) = preSolution
		Debug|Any CPU = Debug|Any CPU
		Release|Any CPU = Release|Any CPU
	EndGlobalSection
	GlobalSection(ProjectConfigurationPlatforms) = postSolution
		{C8C5B41D-9A0F-450F-83B4-E166B05DDA55}.Debug|Any CPU.ActiveCfg = Debug|Any CPU
		{C8C5B41D-9A0F-450F-83B4-E166B05DDA55}.Debug|Any CPU.Build.0 = Debug|Any CPU
		{C8C5B41D-9A0F-450F-83B4-E166B05DDA55}.Release|Any CPU.ActiveCfg = Release|Any CPU
		{C8C5B41D-9A0F-450F-83B4-E166B05DDA55}.Release|Any CPU.Build.0 = Release|Any CPU
	EndGlobalSection
	GlobalSection(SolutionProperties) = preSolution
		HideSolutionNode = FALSE
	EndGlobalSection
	GlobalSection(ExtensibilityGlobals) = postSolution
		SolutionGuid = {84811410-A327-4757-B5A1-974361B6EA42}
	EndGlobalSection
EndGlobal
