
Microsoft Visual Studio Solution File, Format Version 12.00
# Visual Studio Version 16
VisualStudioVersion = 16.0.31402.337
MinimumVisualStudioVersion = 10.0.40219.1
Project("{FAE04EC0-301F-11D3-BF4B-00C04F79EFBC}") = "Exercicio", "Exercicio\Exercicio.csproj", "{647500AA-B3ED-4AFD-B07A-E98500A8F9EB}"
EndProject
Global
	GlobalSection(SolutionConfigurationPlatforms) = preSolution
		Debug|Any CPU = Debug|Any CPU
		Release|Any CPU = Release|Any CPU
	EndGlobalSection
	GlobalSection(ProjectConfigurationPlatforms) = postSolution
		{647500AA-B3ED-4AFD-B07A-E98500A8F9EB}.Debug|Any CPU.ActiveCfg = Debug|Any CPU
		{647500AA-B3ED-4AFD-B07A-E98500A8F9EB}.Debug|Any CPU.Build.0 = Debug|Any CPU
		{647500AA-B3ED-4AFD-B07A-E98500A8F9EB}.Release|Any CPU.ActiveCfg = Release|Any CPU
		{647500AA-B3ED-4AFD-B07A-E98500A8F9EB}.Release|Any CPU.Build.0 = Release|Any CPU
	EndGlobalSection
	GlobalSection(SolutionProperties) = preSolution
		HideSolutionNode = FALSE
	EndGlobalSection
	GlobalSection(ExtensibilityGlobals) = postSolution
		SolutionGuid = {119229CC-620B-4433-819C-6C04EBC5B0F8}
	EndGlobalSection
EndGlobal
