
Microsoft Visual Studio Solution File, Format Version 12.00
# Visual Studio Version 16
VisualStudioVersion = 16.0.31402.337
MinimumVisualStudioVersion = 10.0.40219.1
Project("{FAE04EC0-301F-11D3-BF4B-00C04F79EFBC}") = "Course", "Course\Course.csproj", "{D3DDE1AA-1484-47C4-83CE-C36C01ECE327}"
EndProject
Global
	GlobalSection(SolutionConfigurationPlatforms) = preSolution
		Debug|Any CPU = Debug|Any CPU
		Release|Any CPU = Release|Any CPU
	EndGlobalSection
	GlobalSection(ProjectConfigurationPlatforms) = postSolution
		{D3DDE1AA-1484-47C4-83CE-C36C01ECE327}.Debug|Any CPU.ActiveCfg = Debug|Any CPU
		{D3DDE1AA-1484-47C4-83CE-C36C01ECE327}.Debug|Any CPU.Build.0 = Debug|Any CPU
		{D3DDE1AA-1484-47C4-83CE-C36C01ECE327}.Release|Any CPU.ActiveCfg = Release|Any CPU
		{D3DDE1AA-1484-47C4-83CE-C36C01ECE327}.Release|Any CPU.Build.0 = Release|Any CPU
	EndGlobalSection
	GlobalSection(SolutionProperties) = preSolution
		HideSolutionNode = FALSE
	EndGlobalSection
	GlobalSection(ExtensibilityGlobals) = postSolution
		SolutionGuid = {F60B367A-667C-4423-8559-7E1E1CA103A0}
	EndGlobalSection
EndGlobal
