
Microsoft Visual Studio Solution File, Format Version 12.00
# Visual Studio Version 16
VisualStudioVersion = 16.0.31402.337
MinimumVisualStudioVersion = 10.0.40219.1
Project("{FAE04EC0-301F-11D3-BF4B-00C04F79EFBC}") = "Course", "Course\Course.csproj", "{9941E802-65C4-4B56-95FE-2007C68E3518}"
EndProject
Global
	GlobalSection(SolutionConfigurationPlatforms) = preSolution
		Debug|Any CPU = Debug|Any CPU
		Release|Any CPU = Release|Any CPU
	EndGlobalSection
	GlobalSection(ProjectConfigurationPlatforms) = postSolution
		{9941E802-65C4-4B56-95FE-2007C68E3518}.Debug|Any CPU.ActiveCfg = Debug|Any CPU
		{9941E802-65C4-4B56-95FE-2007C68E3518}.Debug|Any CPU.Build.0 = Debug|Any CPU
		{9941E802-65C4-4B56-95FE-2007C68E3518}.Release|Any CPU.ActiveCfg = Release|Any CPU
		{9941E802-65C4-4B56-95FE-2007C68E3518}.Release|Any CPU.Build.0 = Release|Any CPU
	EndGlobalSection
	GlobalSection(SolutionProperties) = preSolution
		HideSolutionNode = FALSE
	EndGlobalSection
	GlobalSection(ExtensibilityGlobals) = postSolution
		SolutionGuid = {03C4F820-170A-47FD-BDD0-C57E7FD0A197}
	EndGlobalSection
EndGlobal
