
Microsoft Visual Studio Solution File, Format Version 12.00
# Visual Studio Version 16
VisualStudioVersion = 16.0.31402.337
MinimumVisualStudioVersion = 10.0.40219.1
Project("{FAE04EC0-301F-11D3-BF4B-00C04F79EFBC}") = "Ref_e_Out", "Ref_e_Out\Ref_e_Out.csproj", "{DBDA0BD0-458F-48A0-A18C-3337B32991F1}"
EndProject
Global
	GlobalSection(SolutionConfigurationPlatforms) = preSolution
		Debug|Any CPU = Debug|Any CPU
		Release|Any CPU = Release|Any CPU
	EndGlobalSection
	GlobalSection(ProjectConfigurationPlatforms) = postSolution
		{DBDA0BD0-458F-48A0-A18C-3337B32991F1}.Debug|Any CPU.ActiveCfg = Debug|Any CPU
		{DBDA0BD0-458F-48A0-A18C-3337B32991F1}.Debug|Any CPU.Build.0 = Debug|Any CPU
		{DBDA0BD0-458F-48A0-A18C-3337B32991F1}.Release|Any CPU.ActiveCfg = Release|Any CPU
		{DBDA0BD0-458F-48A0-A18C-3337B32991F1}.Release|Any CPU.Build.0 = Release|Any CPU
	EndGlobalSection
	GlobalSection(SolutionProperties) = preSolution
		HideSolutionNode = FALSE
	EndGlobalSection
	GlobalSection(ExtensibilityGlobals) = postSolution
		SolutionGuid = {5A15BABF-BE75-4328-A3FF-3928E9067402}
	EndGlobalSection
EndGlobal
