
Microsoft Visual Studio Solution File, Format Version 12.00
# Visual Studio Version 16
VisualStudioVersion = 16.0.31402.337
MinimumVisualStudioVersion = 10.0.40219.1
Project("{FAE04EC0-301F-11D3-BF4B-00C04F79EFBC}") = "Ex01", "Ex01\Ex01.csproj", "{9F195C3D-BDFD-4175-985A-F78505395DE0}"
EndProject
Global
	GlobalSection(SolutionConfigurationPlatforms) = preSolution
		Debug|Any CPU = Debug|Any CPU
		Release|Any CPU = Release|Any CPU
	EndGlobalSection
	GlobalSection(ProjectConfigurationPlatforms) = postSolution
		{9F195C3D-BDFD-4175-985A-F78505395DE0}.Debug|Any CPU.ActiveCfg = Debug|Any CPU
		{9F195C3D-BDFD-4175-985A-F78505395DE0}.Debug|Any CPU.Build.0 = Debug|Any CPU
		{9F195C3D-BDFD-4175-985A-F78505395DE0}.Release|Any CPU.ActiveCfg = Release|Any CPU
		{9F195C3D-BDFD-4175-985A-F78505395DE0}.Release|Any CPU.Build.0 = Release|Any CPU
	EndGlobalSection
	GlobalSection(SolutionProperties) = preSolution
		HideSolutionNode = FALSE
	EndGlobalSection
	GlobalSection(ExtensibilityGlobals) = postSolution
		SolutionGuid = {D3F0D290-EB93-4335-969A-1249A836DAE0}
	EndGlobalSection
EndGlobal
