
Microsoft Visual Studio Solution File, Format Version 12.00
# Visual Studio Version 16
VisualStudioVersion = 16.0.31402.337
MinimumVisualStudioVersion = 10.0.40219.1
Project("{FAE04EC0-301F-11D3-BF4B-00C04F79EFBC}") = "Course", "Course\Course.csproj", "{7E004D83-68F0-458B-A83E-60333DC97A95}"
EndProject
Global
	GlobalSection(SolutionConfigurationPlatforms) = preSolution
		Debug|Any CPU = Debug|Any CPU
		Release|Any CPU = Release|Any CPU
	EndGlobalSection
	GlobalSection(ProjectConfigurationPlatforms) = postSolution
		{7E004D83-68F0-458B-A83E-60333DC97A95}.Debug|Any CPU.ActiveCfg = Debug|Any CPU
		{7E004D83-68F0-458B-A83E-60333DC97A95}.Debug|Any CPU.Build.0 = Debug|Any CPU
		{7E004D83-68F0-458B-A83E-60333DC97A95}.Release|Any CPU.ActiveCfg = Release|Any CPU
		{7E004D83-68F0-458B-A83E-60333DC97A95}.Release|Any CPU.Build.0 = Release|Any CPU
	EndGlobalSection
	GlobalSection(SolutionProperties) = preSolution
		HideSolutionNode = FALSE
	EndGlobalSection
	GlobalSection(ExtensibilityGlobals) = postSolution
		SolutionGuid = {F2E1CD09-9C68-4553-9E00-C9662423A28B}
	EndGlobalSection
EndGlobal
