
Microsoft Visual Studio Solution File, Format Version 12.00
# Visual Studio Version 16
VisualStudioVersion = 16.0.31402.337
MinimumVisualStudioVersion = 10.0.40219.1
Project("{FAE04EC0-301F-11D3-BF4B-00C04F79EFBC}") = "Hora", "Hora\Hora.csproj", "{0120E351-3830-4B75-AEDB-1A295065A908}"
EndProject
Global
	GlobalSection(SolutionConfigurationPlatforms) = preSolution
		Debug|Any CPU = Debug|Any CPU
		Release|Any CPU = Release|Any CPU
	EndGlobalSection
	GlobalSection(ProjectConfigurationPlatforms) = postSolution
		{0120E351-3830-4B75-AEDB-1A295065A908}.Debug|Any CPU.ActiveCfg = Debug|Any CPU
		{0120E351-3830-4B75-AEDB-1A295065A908}.Debug|Any CPU.Build.0 = Debug|Any CPU
		{0120E351-3830-4B75-AEDB-1A295065A908}.Release|Any CPU.ActiveCfg = Release|Any CPU
		{0120E351-3830-4B75-AEDB-1A295065A908}.Release|Any CPU.Build.0 = Release|Any CPU
	EndGlobalSection
	GlobalSection(SolutionProperties) = preSolution
		HideSolutionNode = FALSE
	EndGlobalSection
	GlobalSection(ExtensibilityGlobals) = postSolution
		SolutionGuid = {5944A149-2ADC-4932-8F42-49F737E66290}
	EndGlobalSection
EndGlobal
