
Microsoft Visual Studio Solution File, Format Version 12.00
# Visual Studio Version 16
VisualStudioVersion = 16.0.31402.337
MinimumVisualStudioVersion = 10.0.40219.1
Project("{FAE04EC0-301F-11D3-BF4B-00C04F79EFBC}") = "Ex03", "Ex03\Ex03.csproj", "{FAE5298A-9643-4A98-B3CE-DC7ECC7FA197}"
EndProject
Global
	GlobalSection(SolutionConfigurationPlatforms) = preSolution
		Debug|Any CPU = Debug|Any CPU
		Release|Any CPU = Release|Any CPU
	EndGlobalSection
	GlobalSection(ProjectConfigurationPlatforms) = postSolution
		{FAE5298A-9643-4A98-B3CE-DC7ECC7FA197}.Debug|Any CPU.ActiveCfg = Debug|Any CPU
		{FAE5298A-9643-4A98-B3CE-DC7ECC7FA197}.Debug|Any CPU.Build.0 = Debug|Any CPU
		{FAE5298A-9643-4A98-B3CE-DC7ECC7FA197}.Release|Any CPU.ActiveCfg = Release|Any CPU
		{FAE5298A-9643-4A98-B3CE-DC7ECC7FA197}.Release|Any CPU.Build.0 = Release|Any CPU
	EndGlobalSection
	GlobalSection(SolutionProperties) = preSolution
		HideSolutionNode = FALSE
	EndGlobalSection
	GlobalSection(ExtensibilityGlobals) = postSolution
		SolutionGuid = {0665D8CB-E3F0-493D-85AD-5EE7BBF463DB}
	EndGlobalSection
EndGlobal
