
Microsoft Visual Studio Solution File, Format Version 12.00
# Visual Studio Version 16
VisualStudioVersion = 16.0.31402.337
MinimumVisualStudioVersion = 10.0.40219.1
Project("{FAE04EC0-301F-11D3-BF4B-00C04F79EFBC}") = "Exercicios_Propostos", "Exercicios_Propostos\Exercicios_Propostos.csproj", "{0D519F3E-CBE6-4FF9-B751-93923852E331}"
EndProject
Global
	GlobalSection(SolutionConfigurationPlatforms) = preSolution
		Debug|Any CPU = Debug|Any CPU
		Release|Any CPU = Release|Any CPU
	EndGlobalSection
	GlobalSection(ProjectConfigurationPlatforms) = postSolution
		{0D519F3E-CBE6-4FF9-B751-93923852E331}.Debug|Any CPU.ActiveCfg = Debug|Any CPU
		{0D519F3E-CBE6-4FF9-B751-93923852E331}.Debug|Any CPU.Build.0 = Debug|Any CPU
		{0D519F3E-CBE6-4FF9-B751-93923852E331}.Release|Any CPU.ActiveCfg = Release|Any CPU
		{0D519F3E-CBE6-4FF9-B751-93923852E331}.Release|Any CPU.Build.0 = Release|Any CPU
	EndGlobalSection
	GlobalSection(SolutionProperties) = preSolution
		HideSolutionNode = FALSE
	EndGlobalSection
	GlobalSection(ExtensibilityGlobals) = postSolution
		SolutionGuid = {A99277D0-F5A9-4B89-8559-7E5641A838FE}
	EndGlobalSection
EndGlobal
