
Microsoft Visual Studio Solution File, Format Version 12.00
# Visual Studio Version 16
VisualStudioVersion = 16.0.31402.337
MinimumVisualStudioVersion = 10.0.40219.1
Project("{FAE04EC0-301F-11D3-BF4B-00C04F79EFBC}") = "Encapsulamento_Estoque", "Encapsulamento_Estoque\Encapsulamento_Estoque.csproj", "{4EFE5BF0-C520-44CB-BA3C-72377CD52C34}"
EndProject
Global
	GlobalSection(SolutionConfigurationPlatforms) = preSolution
		Debug|Any CPU = Debug|Any CPU
		Release|Any CPU = Release|Any CPU
	EndGlobalSection
	GlobalSection(ProjectConfigurationPlatforms) = postSolution
		{4EFE5BF0-C520-44CB-BA3C-72377CD52C34}.Debug|Any CPU.ActiveCfg = Debug|Any CPU
		{4EFE5BF0-C520-44CB-BA3C-72377CD52C34}.Debug|Any CPU.Build.0 = Debug|Any CPU
		{4EFE5BF0-C520-44CB-BA3C-72377CD52C34}.Release|Any CPU.ActiveCfg = Release|Any CPU
		{4EFE5BF0-C520-44CB-BA3C-72377CD52C34}.Release|Any CPU.Build.0 = Release|Any CPU
	EndGlobalSection
	GlobalSection(SolutionProperties) = preSolution
		HideSolutionNode = FALSE
	EndGlobalSection
	GlobalSection(ExtensibilityGlobals) = postSolution
		SolutionGuid = {750E0B83-B7C9-4374-91A9-2A038B1F7C5C}
	EndGlobalSection
EndGlobal
