
Microsoft Visual Studio Solution File, Format Version 12.00
# Visual Studio Version 16
VisualStudioVersion = 16.0.31402.337
MinimumVisualStudioVersion = 10.0.40219.1
Project("{FAE04EC0-301F-11D3-BF4B-00C04F79EFBC}") = "Ex01_Vetores", "Ex01_Vetores\Ex01_Vetores.csproj", "{C72FECFE-3B34-4930-9389-6927F22B3C70}"
EndProject
Global
	GlobalSection(SolutionConfigurationPlatforms) = preSolution
		Debug|Any CPU = Debug|Any CPU
		Release|Any CPU = Release|Any CPU
	EndGlobalSection
	GlobalSection(ProjectConfigurationPlatforms) = postSolution
		{C72FECFE-3B34-4930-9389-6927F22B3C70}.Debug|Any CPU.ActiveCfg = Debug|Any CPU
		{C72FECFE-3B34-4930-9389-6927F22B3C70}.Debug|Any CPU.Build.0 = Debug|Any CPU
		{C72FECFE-3B34-4930-9389-6927F22B3C70}.Release|Any CPU.ActiveCfg = Release|Any CPU
		{C72FECFE-3B34-4930-9389-6927F22B3C70}.Release|Any CPU.Build.0 = Release|Any CPU
	EndGlobalSection
	GlobalSection(SolutionProperties) = preSolution
		HideSolutionNode = FALSE
	EndGlobalSection
	GlobalSection(ExtensibilityGlobals) = postSolution
		SolutionGuid = {E3014DFF-9ACD-4F2C-9455-6A9EF8355405}
	EndGlobalSection
EndGlobal
