
Microsoft Visual Studio Solution File, Format Version 12.00
# Visual Studio Version 16
VisualStudioVersion = 16.0.31402.337
MinimumVisualStudioVersion = 10.0.40219.1
Project("{FAE04EC0-301F-11D3-BF4B-00C04F79EFBC}") = "Encapsulamento_AutoProperty", "Encapsulamento_AutoProperty\Encapsulamento_AutoProperty.csproj", "{43723617-DE87-4A40-A402-F61A3602032E}"
EndProject
Global
	GlobalSection(SolutionConfigurationPlatforms) = preSolution
		Debug|Any CPU = Debug|Any CPU
		Release|Any CPU = Release|Any CPU
	EndGlobalSection
	GlobalSection(ProjectConfigurationPlatforms) = postSolution
		{43723617-DE87-4A40-A402-F61A3602032E}.Debug|Any CPU.ActiveCfg = Debug|Any CPU
		{43723617-DE87-4A40-A402-F61A3602032E}.Debug|Any CPU.Build.0 = Debug|Any CPU
		{43723617-DE87-4A40-A402-F61A3602032E}.Release|Any CPU.ActiveCfg = Release|Any CPU
		{43723617-DE87-4A40-A402-F61A3602032E}.Release|Any CPU.Build.0 = Release|Any CPU
	EndGlobalSection
	GlobalSection(SolutionProperties) = preSolution
		HideSolutionNode = FALSE
	EndGlobalSection
	GlobalSection(ExtensibilityGlobals) = postSolution
		SolutionGuid = {77522404-AAA3-4FE8-AE15-C5149DCA3EBA}
	EndGlobalSection
EndGlobal
