
Microsoft Visual Studio Solution File, Format Version 12.00
# Visual Studio Version 16
VisualStudioVersion = 16.0.31402.337
MinimumVisualStudioVersion = 10.0.40219.1
Project("{FAE04EC0-301F-11D3-BF4B-00C04F79EFBC}") = "Ternario", "Ternario\Ternario.csproj", "{2345FD37-8221-41C8-B29A-262CDB21B431}"
EndProject
Global
	GlobalSection(SolutionConfigurationPlatforms) = preSolution
		Debug|Any CPU = Debug|Any CPU
		Release|Any CPU = Release|Any CPU
	EndGlobalSection
	GlobalSection(ProjectConfigurationPlatforms) = postSolution
		{2345FD37-8221-41C8-B29A-262CDB21B431}.Debug|Any CPU.ActiveCfg = Debug|Any CPU
		{2345FD37-8221-41C8-B29A-262CDB21B431}.Debug|Any CPU.Build.0 = Debug|Any CPU
		{2345FD37-8221-41C8-B29A-262CDB21B431}.Release|Any CPU.ActiveCfg = Release|Any CPU
		{2345FD37-8221-41C8-B29A-262CDB21B431}.Release|Any CPU.Build.0 = Release|Any CPU
	EndGlobalSection
	GlobalSection(SolutionProperties) = preSolution
		HideSolutionNode = FALSE
	EndGlobalSection
	GlobalSection(ExtensibilityGlobals) = postSolution
		SolutionGuid = {DFA4C3D9-7B12-4492-907F-D6547C2F262D}
	EndGlobalSection
EndGlobal
