
Microsoft Visual Studio Solution File, Format Version 12.00
# Visual Studio Version 16
VisualStudioVersion = 16.0.31402.337
MinimumVisualStudioVersion = 10.0.40219.1
Project("{FAE04EC0-301F-11D3-BF4B-00C04F79EFBC}") = "Ex01_Construtor_Estoque", "Ex01_Construtor_Estoque\Ex01_Construtor_Estoque.csproj", "{F4A46378-6601-4B49-95E4-7232B3130D40}"
EndProject
Global
	GlobalSection(SolutionConfigurationPlatforms) = preSolution
		Debug|Any CPU = Debug|Any CPU
		Release|Any CPU = Release|Any CPU
	EndGlobalSection
	GlobalSection(ProjectConfigurationPlatforms) = postSolution
		{F4A46378-6601-4B49-95E4-7232B3130D40}.Debug|Any CPU.ActiveCfg = Debug|Any CPU
		{F4A46378-6601-4B49-95E4-7232B3130D40}.Debug|Any CPU.Build.0 = Debug|Any CPU
		{F4A46378-6601-4B49-95E4-7232B3130D40}.Release|Any CPU.ActiveCfg = Release|Any CPU
		{F4A46378-6601-4B49-95E4-7232B3130D40}.Release|Any CPU.Build.0 = Release|Any CPU
	EndGlobalSection
	GlobalSection(SolutionProperties) = preSolution
		HideSolutionNode = FALSE
	EndGlobalSection
	GlobalSection(ExtensibilityGlobals) = postSolution
		SolutionGuid = {8431F303-533F-45F7-97BE-3CA0EEBEFB72}
	EndGlobalSection
EndGlobal
